
Microsoft Visual Studio Solution File, Format Version 12.00
# Visual Studio Version 16
VisualStudioVersion = 16.0.30709.132
MinimumVisualStudioVersion = 10.0.40219.1
Project("{FAE04EC0-301F-11D3-BF4B-00C04F79EFBC}") = "Movie_Registration", "Movie_Registration\Movie_Registration.csproj", "{9977391B-3144-4D10-8709-0310290DF6BE}"
EndProject
Global
	GlobalSection(SolutionConfigurationPlatforms) = preSolution
		Debug|Any CPU = Debug|Any CPU
		Release|Any CPU = Release|Any CPU
	EndGlobalSection
	GlobalSection(ProjectConfigurationPlatforms) = postSolution
		{9977391B-3144-4D10-8709-0310290DF6BE}.Debug|Any CPU.ActiveCfg = Debug|Any CPU
		{9977391B-3144-4D10-8709-0310290DF6BE}.Debug|Any CPU.Build.0 = Debug|Any CPU
		{9977391B-3144-4D10-8709-0310290DF6BE}.Release|Any CPU.ActiveCfg = Release|Any CPU
		{9977391B-3144-4D10-8709-0310290DF6BE}.Release|Any CPU.Build.0 = Release|Any CPU
	EndGlobalSection
	GlobalSection(SolutionProperties) = preSolution
		HideSolutionNode = FALSE
	EndGlobalSection
	GlobalSection(ExtensibilityGlobals) = postSolution
		SolutionGuid = {AFE2CBCA-D3CE-4929-B097-4F371AC427BA}
	EndGlobalSection
EndGlobal
